Microsoft Visual Studio Solution File, Format Version 12.00
# Visual Studio 16
VisualStudioVersion = 16.0.29006.145
MinimumVisualStudioVersion = 10.0.40219.1
Project("{9A19103F-16F7-4668-BE54-9A1E7A4F7556}") = "CodeGenerator", "tools\CodeGenerator\CodeGenerator.csproj", "{{codeGeneratorGuid}}"
EndProject
Project("{2150E333-8FDC-42A3-9474-1A3956D46DE8}") = "Build", "Build", "{{buildGuid}}"
	ProjectSection(SolutionItems) = preProject
		.editorconfig = .editorconfig
		.gitignore = .gitignore
		Directory.Build.props = Directory.Build.props
		Directory.Build.targets = Directory.Build.targets
		global.json = global.json
		NuGet.config = NuGet.config
		README.md = README.md
		eng\Version.Details.xml = eng\Version.Details.xml
		eng\Versions.props = eng\Versions.props
		eng\VisualStudio.props = eng\VisualStudio.props
		eng\VisualStudio.targets = eng\VisualStudio.targets
	EndProjectSection
EndProject
Project("{9A19103F-16F7-4668-BE54-9A1E7A4F7556}") = "{{name}}", "src\{{name}}\{{name}}.csproj", "{{arcadeRepoGuid}}"
EndProject
Project("{2150E333-8FDC-42A3-9474-1A3956D46DE8}") = "Tools", "Tools", "{{toolsGuid}}"
EndProject
Global
	GlobalSection(SolutionConfigurationPlatforms) = preSolution
		Debug|Any CPU = Debug|Any CPU
		Release|Any CPU = Release|Any CPU
	EndGlobalSection
	GlobalSection(ProjectConfigurationPlatforms) = postSolution
		{{codeGeneratorGuid}}.Debug|Any CPU.ActiveCfg = Debug|Any CPU
		{{codeGeneratorGuid}}.Release|Any CPU.ActiveCfg = Release|Any CPU
		{{arcadeRepoGuid}}.Debug|Any CPU.ActiveCfg = Debug|Any CPU
		{{arcadeRepoGuid}}.Debug|Any CPU.Build.0 = Debug|Any CPU
		{{arcadeRepoGuid}}.Release|Any CPU.ActiveCfg = Release|Any CPU
		{{arcadeRepoGuid}}.Release|Any CPU.Build.0 = Release|Any CPU
	EndGlobalSection
	GlobalSection(SolutionProperties) = preSolution
		HideSolutionNode = FALSE
	EndGlobalSection
	GlobalSection(NestedProjects) = preSolution
		{{codeGeneratorGuid}} = {{toolsGuid}}
	EndGlobalSection
	GlobalSection(ExtensibilityGlobals) = postSolution
		SolutionGuid = {DEAD7A47-07E8-4A84-A12F-40D24BD9BBEA}
	EndGlobalSection
EndGlobal
